
Microsoft Visual Studio Solution File, Format Version 12.00
# Visual Studio Version 17
VisualStudioVersion = 17.5.002.0
MinimumVisualStudioVersion = 10.0.40219.1
Project("{9A19103F-16F7-4668-BE54-9A1E7A4F7556}") = "JWTAuthBlazorUI", "JWTAuthBlazorUI.csproj", "{CACEA89E-94D2-418A-888D-8DEB1B448B97}"
EndProject
Global
	GlobalSection(SolutionConfigurationPlatforms) = preSolution
		Debug|Any CPU = Debug|Any CPU
		Release|Any CPU = Release|Any CPU
	EndGlobalSection
	GlobalSection(ProjectConfigurationPlatforms) = postSolution
		{CACEA89E-94D2-418A-888D-8DEB1B448B97}.Debug|Any CPU.ActiveCfg = Debug|Any CPU
		{CACEA89E-94D2-418A-888D-8DEB1B448B97}.Debug|Any CPU.Build.0 = Debug|Any CPU
		{CACEA89E-94D2-418A-888D-8DEB1B448B97}.Release|Any CPU.ActiveCfg = Release|Any CPU
		{CACEA89E-94D2-418A-888D-8DEB1B448B97}.Release|Any CPU.Build.0 = Release|Any CPU
	EndGlobalSection
	GlobalSection(SolutionProperties) = preSolution
		HideSolutionNode = FALSE
	EndGlobalSection
	GlobalSection(ExtensibilityGlobals) = postSolution
		SolutionGuid = {ED897E3F-4E7A-4E7F-808B-7A04CFBCD718}
	EndGlobalSection
EndGlobal
